
Microsoft Visual Studio Solution File, Format Version 12.00
# Visual Studio 15
VisualStudioVersion = 15.0.27130.2027
MinimumVisualStudioVersion = 10.0.40219.1
Project("{FAE04EC0-301F-11D3-BF4B-00C04F79EFBC}") = "sudsWebsite", "sudsHotTopic\sudsWebsite.csproj", "{1FB9AEF1-9A3D-485B-8CED-30EFA8448FD9}"
EndProject
Global
	GlobalSection(SolutionConfigurationPlatforms) = preSolution
		Debug|Any CPU = Debug|Any CPU
		Release|Any CPU = Release|Any CPU
	EndGlobalSection
	GlobalSection(ProjectConfigurationPlatforms) = postSolution
		{1FB9AEF1-9A3D-485B-8CED-30EFA8448FD9}.Debug|Any CPU.ActiveCfg = Debug|Any CPU
		{1FB9AEF1-9A3D-485B-8CED-30EFA8448FD9}.Debug|Any CPU.Build.0 = Debug|Any CPU
		{1FB9AEF1-9A3D-485B-8CED-30EFA8448FD9}.Release|Any CPU.ActiveCfg = Release|Any CPU
		{1FB9AEF1-9A3D-485B-8CED-30EFA8448FD9}.Release|Any CPU.Build.0 = Release|Any CPU
	EndGlobalSection
	GlobalSection(SolutionProperties) = preSolution
		HideSolutionNode = FALSE
	EndGlobalSection
	GlobalSection(ExtensibilityGlobals) = postSolution
		SolutionGuid = {B9C64FA7-659C-471C-A199-DBF05CFCC3AF}
	EndGlobalSection
EndGlobal
